
Microsoft Visual Studio Solution File, Format Version 12.00
# Visual Studio 15
VisualStudioVersion = 15.0.28307.1525
MinimumVisualStudioVersion = 10.0.40219.1
Project("{FAE04EC0-301F-11D3-BF4B-00C04F79EFBC}") = "OkayNotionClient", "OkayNotionClient\OkayNotionClient.csproj", "{77880A5B-A949-4F13-B818-C9D94B45609E}"
EndProject
Global
	GlobalSection(SolutionConfigurationPlatforms) = preSolution
		Debug|Any CPU = Debug|Any CPU
		Release|Any CPU = Release|Any CPU
	EndGlobalSection
	GlobalSection(ProjectConfigurationPlatforms) = postSolution
		{77880A5B-A949-4F13-B818-C9D94B45609E}.Debug|Any CPU.ActiveCfg = Debug|Any CPU
		{77880A5B-A949-4F13-B818-C9D94B45609E}.Debug|Any CPU.Build.0 = Debug|Any CPU
		{77880A5B-A949-4F13-B818-C9D94B45609E}.Release|Any CPU.ActiveCfg = Release|Any CPU
		{77880A5B-A949-4F13-B818-C9D94B45609E}.Release|Any CPU.Build.0 = Release|Any CPU
	EndGlobalSection
	GlobalSection(SolutionProperties) = preSolution
		HideSolutionNode = FALSE
	EndGlobalSection
	GlobalSection(ExtensibilityGlobals) = postSolution
		SolutionGuid = {72092132-4A78-43F3-B778-F4F8037EABCF}
	EndGlobalSection
EndGlobal
